PODS:
  - AFNetworking (3.2.1):
    - AFNetworking/NSURLSession (= 3.2.1)
    - AFNetworking/Reachability (= 3.2.1)
    - AFNetworking/Security (= 3.2.1)
    - AFNetworking/Serialization (= 3.2.1)
    - AFNetworking/UIKit (= 3.2.1)
  - AFNetworking/NSURLSession (3.2.1):
    - AFNetworking/Reachability
    - AFNetworking/Security
    - AFNetworking/Serialization
  - AFNetworking/Reachability (3.2.1)
  - AFNetworking/Security (3.2.1)
  - AFNetworking/Serialization (3.2.1)
  - CocoaAsyncSocket (7.6.4)
  - CocoaHTTPServer (2.3):
    - CocoaAsyncSocket
    - CocoaLumberjack
  - CocoaLumberjack (3.6.1):
    - CocoaLumberjack/Core (= 3.6.1)
  - CocoaLumberjack/Core (3.6.1)
  - CommandLine (2.4.7):
    - CommandLine/ANSI (= 2.4.7)
    - CommandLine/Command (= 2.4.7)
    - CommandLine/Interface (= 2.4.7)
    - CommandLine/Launcher (= 2.4.7)
    - CommandLine/Main (= 2.4.7)
    - CommandLine/Tools (= 2.4.7)
  - CommandLine/ANSI (2.4.7):
    - CommandLine/Main
    - CommandLine/Tools
  - CommandLine/Command (2.4.7):
    - CommandLine/ANSI
    - CommandLine/Main
  - CommandLine/Interface (2.4.7):
    - CommandLine/ANSI
    - CommandLine/Main
  - CommandLine/Launcher (2.4.7):
    - CommandLine/Main
  - CommandLine/Main (2.4.7)
  - CommandLine/Tools (2.4.7):
    - CommandLine/Main
  - GCDWebServer (3.5.2):
    - GCDWebServer/Core (= 3.5.2)
  - GCDWebServer/Core (3.5.2)
  - libextobjc (0.6):
    - libextobjc/EXTADT (= 0.6)
    - libextobjc/EXTConcreteProtocol (= 0.6)
    - libextobjc/EXTKeyPathCoding (= 0.6)
    - libextobjc/EXTNil (= 0.6)
    - libextobjc/EXTSafeCategory (= 0.6)
    - libextobjc/EXTScope (= 0.6)
    - libextobjc/EXTSelectorChecking (= 0.6)
    - libextobjc/EXTSynthesize (= 0.6)
    - "libextobjc/NSInvocation+EXT (= 0.6)"
    - "libextobjc/NSMethodSignature+EXT (= 0.6)"
    - libextobjc/RuntimeExtensions (= 0.6)
    - libextobjc/UmbrellaHeader (= 0.6)
  - libextobjc/EXTADT (0.6):
    - libextobjc/RuntimeExtensions
  - libextobjc/EXTConcreteProtocol (0.6):
    - libextobjc/RuntimeExtensions
  - libextobjc/EXTKeyPathCoding (0.6):
    - libextobjc/RuntimeExtensions
  - libextobjc/EXTNil (0.6):
    - libextobjc/RuntimeExtensions
  - libextobjc/EXTSafeCategory (0.6):
    - libextobjc/RuntimeExtensions
  - libextobjc/EXTScope (0.6):
    - libextobjc/RuntimeExtensions
  - libextobjc/EXTSelectorChecking (0.6):
    - libextobjc/RuntimeExtensions
  - libextobjc/EXTSynthesize (0.6):
    - libextobjc/RuntimeExtensions
  - "libextobjc/NSInvocation+EXT (0.6)":
    - libextobjc/RuntimeExtensions
  - "libextobjc/NSMethodSignature+EXT (0.6)":
    - libextobjc/RuntimeExtensions
  - libextobjc/RuntimeExtensions (0.6)
  - libextobjc/UmbrellaHeader (0.6)
  - MUFoundation/MUPath (0.0.6)
  - SSZipArchive (2.2.2)
  - zipzap (8.1.1)

DEPENDENCIES:
  - AFNetworking
  - CocoaHTTPServer
  - CommandLine
  - GCDWebServer
  - libextobjc
  - MUFoundation/MUPath
  - SSZipArchive
  - zipzap

SPEC REPOS:
  https://github.com/cocoapods/specs.git:
    - AFNetworking
    - CocoaAsyncSocket
    - CocoaHTTPServer
    - CocoaLumberjack
    - CommandLine
    - GCDWebServer
    - libextobjc
    - MUFoundation
    - SSZipArchive
    - zipzap

SPEC CHECKSUMS:
  AFNetworking: b6f891fdfaed196b46c7a83cf209e09697b94057
  CocoaAsyncSocket: 694058e7c0ed05a9e217d1b3c7ded962f4180845
  CocoaHTTPServer: 5624681fc3473d43b18202f635f9b3abb013b530
  CocoaLumberjack: b17ae15142558d08bbacf69775fa10c4abbebcc9
  CommandLine: 6f3fa6faf8c9efb2b2db790c9872f92195831589
  GCDWebServer: ead88cd14596dd4eae4f5830b8877c87c8728990
  libextobjc: aed8b7d2b07f511c1a7ecaacb33ea03e327c69b7
  MUFoundation: 7ba494a348139d1a355a3f20b5ba3de11720c9d4
  SSZipArchive: fa16b8cc4cdeceb698e5e5d9f67e9558532fbf23
  zipzap: 940162d9c9c60472c2eab341385e4214da0fdf1c

PODFILE CHECKSUM: efdad9e26b7b64f93da078296808896346c07ee7

COCOAPODS: 1.8.4
